lockfileVersion: '6.0'

settings:
  autoInstallPeers: true
  excludeLinksFromLockfile: false

dependencies:
  '@mysten/sui.js':
    specifier: ^0.46.1
    version: 0.46.1
  naive-ui:
    specifier: ^2.35.0
    version: 2.35.0(vue@3.3.8)
  vfonts:
    specifier: ^0.0.3
    version: 0.0.3
  vue:
    specifier: ^3.3.8
    version: 3.3.8(typescript@5.2.2)

devDependencies:
  '@vitejs/plugin-vue':
    specifier: ^4.5.0
    version: 4.5.0(vite@5.0.0)(vue@3.3.8)
  typescript:
    specifier: ^5.2.2
    version: 5.2.2
  unplugin-auto-import:
    specifier: ^0.16.7
    version: 0.16.7
  unplugin-vue-components:
    specifier: ^0.25.2
    version: 0.25.2(vue@3.3.8)
  vite:
    specifier: ^5.0.0
    version: 5.0.0
  vue-tsc:
    specifier: ^1.8.22
    version: 1.8.22(typescript@5.2.2)

packages:

  /@antfu/utils@0.7.6:
    resolution: {integrity: sha512-pvFiLP2BeOKA/ZOS6jxx4XhKzdVLHDhGlFEaZ2flWWYf2xOqVniqpk38I04DFRyz+L0ASggl7SkItTc+ZLju4w==}
    dev: true

  /@babel/helper-string-parser@7.22.5:
    resolution: {integrity: sha512-mM4COjgZox8U+JcXQwPijIZLElkgEpO5rsERVDJTc2qfCDfERyob6k5WegS14SX18IIjv+XD+GrqNumY5JRCDw==}
    engines: {node: '>=6.9.0'}

  /@babel/helper-validator-identifier@7.22.20:
    resolution: {integrity: sha512-Y4OZ+ytlatR8AI+8KZfKuL5urKp7qey08ha31L8b3BwewJAoJamTzyvxPR/5D+KkdJCGPq/+8TukHBlY10FX9A==}
    engines: {node: '>=6.9.0'}

  /@babel/parser@7.23.3:
    resolution: {integrity: sha512-uVsWNvlVsIninV2prNz/3lHCb+5CJ+e+IUBfbjToAHODtfGYLfCFuY4AU7TskI+dAKk+njsPiBjq1gKTvZOBaw==}
    engines: {node: '>=6.0.0'}
    hasBin: true
    dependencies:
      '@babel/types': 7.23.3

  /@babel/runtime@7.23.2:
    resolution: {integrity: sha512-mM8eg4yl5D6i3lu2QKPuPH4FArvJ8KhTofbE7jwMUv9KX5mBvwPAqnV3MlyBNqdp9RyRKP6Yck8TrfYrPvX3bg==}
    engines: {node: '>=6.9.0'}
    dependencies:
      regenerator-runtime: 0.14.0
    dev: false

  /@babel/types@7.23.3:
    resolution: {integrity: sha512-OZnvoH2l8PK5eUvEcUyCt/sXgr/h+UWpVuBbOljwcrAgUl6lpchoQ++PHGyQy1AtYnVA6CEq3y5xeEI10brpXw==}
    engines: {node: '>=6.9.0'}
    dependencies:
      '@babel/helper-string-parser': 7.22.5
      '@babel/helper-validator-identifier': 7.22.20
      to-fast-properties: 2.0.0

  /@css-render/plugin-bem@0.15.12(css-render@0.15.12):
    resolution: {integrity: sha512-Lq2jSOZn+wYQtsyaFj6QRz2EzAnd3iW5fZeHO1WSXQdVYwvwGX0ZiH3X2JQgtgYLT1yeGtrwrqJdNdMEUD2xTw==}
    peerDependencies:
      css-render: ~0.15.12
    dependencies:
      css-render: 0.15.12
    dev: false

  /@css-render/vue3-ssr@0.15.12(vue@3.3.8):
    resolution: {integrity: sha512-AQLGhhaE0F+rwybRCkKUdzBdTEM/5PZBYy+fSYe1T9z9+yxMuV/k7ZRqa4M69X+EI1W8pa4kc9Iq2VjQkZx4rg==}
    peerDependencies:
      vue: ^3.0.11
    dependencies:
      vue: 3.3.8(typescript@5.2.2)
    dev: false

  /@emotion/hash@0.8.0:
    resolution: {integrity: sha512-kBJtf7PH6aWwZ6fka3zQ0p6SBYzx4fl1LoZXE2RrnYST9Xljm7WfKJrU4g/Xr3Beg72MLrp1AWNUmuYJTL7Cow==}
    dev: false

  /@esbuild/android-arm64@0.19.5:
    resolution: {integrity: sha512-5d1OkoJxnYQfmC+Zd8NBFjkhyCNYwM4n9ODrycTFY6Jk1IGiZ+tjVJDDSwDt77nK+tfpGP4T50iMtVi4dEGzhQ==}
    engines: {node: '>=12'}
    cpu: [arm64]
    os: [android]
    requiresBuild: true
    dev: true
    optional: true

  /@esbuild/android-arm@0.19.5:
    resolution: {integrity: sha512-bhvbzWFF3CwMs5tbjf3ObfGqbl/17ict2/uwOSfr3wmxDE6VdS2GqY/FuzIPe0q0bdhj65zQsvqfArI9MY6+AA==}
    engines: {node: '>=12'}
    cpu: [arm]
    os: [android]
    requiresBuild: true
    dev: true
    optional: true

  /@esbuild/android-x64@0.19.5:
    resolution: {integrity: sha512-9t+28jHGL7uBdkBjL90QFxe7DVA+KGqWlHCF8ChTKyaKO//VLuoBricQCgwhOjA1/qOczsw843Fy4cbs4H3DVA==}
    engines: {node: '>=12'}
    cpu: [x64]
    os: [android]
    requiresBuild: true
    dev: true
    optional: true

  /@esbuild/darwin-arm64@0.19.5:
    resolution: {integrity: sha512-mvXGcKqqIqyKoxq26qEDPHJuBYUA5KizJncKOAf9eJQez+L9O+KfvNFu6nl7SCZ/gFb2QPaRqqmG0doSWlgkqw==}
    engines: {node: '>=12'}
    cpu: [arm64]
    os: [darwin]
    requiresBuild: true
    dev: true
    optional: true

  /@esbuild/darwin-x64@0.19.5:
    resolution: {integrity: sha512-Ly8cn6fGLNet19s0X4unjcniX24I0RqjPv+kurpXabZYSXGM4Pwpmf85WHJN3lAgB8GSth7s5A0r856S+4DyiA==}
    engines: {node: '>=12'}
    cpu: [x64]
    os: [darwin]
    requiresBuild: true
    dev: true
    optional: true

  /@esbuild/freebsd-arm64@0.19.5:
    resolution: {integrity: sha512-GGDNnPWTmWE+DMchq1W8Sd0mUkL+APvJg3b11klSGUDvRXh70JqLAO56tubmq1s2cgpVCSKYywEiKBfju8JztQ==}
    engines: {node: '>=12'}
    cpu: [arm64]
    os: [freebsd]
    requiresBuild: true
    dev: true
    optional: true

  /@esbuild/freebsd-x64@0.19.5:
    resolution: {integrity: sha512-1CCwDHnSSoA0HNwdfoNY0jLfJpd7ygaLAp5EHFos3VWJCRX9DMwWODf96s9TSse39Br7oOTLryRVmBoFwXbuuQ==}
    engines: {node: '>=12'}
    cpu: [x64]
    os: [freebsd]
    requiresBuild: true
    dev: true
    optional: true

  /@esbuild/linux-arm64@0.19.5:
    resolution: {integrity: sha512-o3vYippBmSrjjQUCEEiTZ2l+4yC0pVJD/Dl57WfPwwlvFkrxoSO7rmBZFii6kQB3Wrn/6GwJUPLU5t52eq2meA==}
    engines: {node: '>=12'}
    cpu: [arm64]
    os: [linux]
    requiresBuild: true
    dev: true
    optional: true

  /@esbuild/linux-arm@0.19.5:
    resolution: {integrity: sha512-lrWXLY/vJBzCPC51QN0HM71uWgIEpGSjSZZADQhq7DKhPcI6NH1IdzjfHkDQws2oNpJKpR13kv7/pFHBbDQDwQ==}
    engines: {node: '>=12'}
    cpu: [arm]
    os: [linux]
    requiresBuild: true
    dev: true
    optional: true

  /@esbuild/linux-ia32@0.19.5:
    resolution: {integrity: sha512-MkjHXS03AXAkNp1KKkhSKPOCYztRtK+KXDNkBa6P78F8Bw0ynknCSClO/ztGszILZtyO/lVKpa7MolbBZ6oJtQ==}
    engines: {node: '>=12'}
    cpu: [ia32]
    os: [linux]
    requiresBuild: true
    dev: true
    optional: true

  /@esbuild/linux-loong64@0.19.5:
    resolution: {integrity: sha512-42GwZMm5oYOD/JHqHska3Jg0r+XFb/fdZRX+WjADm3nLWLcIsN27YKtqxzQmGNJgu0AyXg4HtcSK9HuOk3v1Dw==}
    engines: {node: '>=12'}
    cpu: [loong64]
    os: [linux]
    requiresBuild: true
    dev: true
    optional: true

  /@esbuild/linux-mips64el@0.19.5:
    resolution: {integrity: sha512-kcjndCSMitUuPJobWCnwQ9lLjiLZUR3QLQmlgaBfMX23UEa7ZOrtufnRds+6WZtIS9HdTXqND4yH8NLoVVIkcg==}
    engines: {node: '>=12'}
    cpu: [mips64el]
    os: [linux]
    requiresBuild: true
    dev: true
    optional: true

  /@esbuild/linux-ppc64@0.19.5:
    resolution: {integrity: sha512-yJAxJfHVm0ZbsiljbtFFP1BQKLc8kUF6+17tjQ78QjqjAQDnhULWiTA6u0FCDmYT1oOKS9PzZ2z0aBI+Mcyj7Q==}
    engines: {node: '>=12'}
    cpu: [ppc64]
    os: [linux]
    requiresBuild: true
    dev: true
    optional: true

  /@esbuild/linux-riscv64@0.19.5:
    resolution: {integrity: sha512-5u8cIR/t3gaD6ad3wNt1MNRstAZO+aNyBxu2We8X31bA8XUNyamTVQwLDA1SLoPCUehNCymhBhK3Qim1433Zag==}
    engines: {node: '>=12'}
    cpu: [riscv64]
    os: [linux]
    requiresBuild: true
    dev: true
    optional: true

  /@esbuild/linux-s390x@0.19.5:
    resolution: {integrity: sha512-Z6JrMyEw/EmZBD/OFEFpb+gao9xJ59ATsoTNlj39jVBbXqoZm4Xntu6wVmGPB/OATi1uk/DB+yeDPv2E8PqZGw==}
    engines: {node: '>=12'}
    cpu: [s390x]
    os: [linux]
    requiresBuild: true
    dev: true
    optional: true

  /@esbuild/linux-x64@0.19.5:
    resolution: {integrity: sha512-psagl+2RlK1z8zWZOmVdImisMtrUxvwereIdyJTmtmHahJTKb64pAcqoPlx6CewPdvGvUKe2Jw+0Z/0qhSbG1A==}
    engines: {node: '>=12'}
    cpu: [x64]
    os: [linux]
    requiresBuild: true
    dev: true
    optional: true

  /@esbuild/netbsd-x64@0.19.5:
    resolution: {integrity: sha512-kL2l+xScnAy/E/3119OggX8SrWyBEcqAh8aOY1gr4gPvw76la2GlD4Ymf832UCVbmuWeTf2adkZDK+h0Z/fB4g==}
    engines: {node: '>=12'}
    cpu: [x64]
    os: [netbsd]
    requiresBuild: true
    dev: true
    optional: true

  /@esbuild/openbsd-x64@0.19.5:
    resolution: {integrity: sha512-sPOfhtzFufQfTBgRnE1DIJjzsXukKSvZxloZbkJDG383q0awVAq600pc1nfqBcl0ice/WN9p4qLc39WhBShRTA==}
    engines: {node: '>=12'}
    cpu: [x64]
    os: [openbsd]
    requiresBuild: true
    dev: true
    optional: true

  /@esbuild/sunos-x64@0.19.5:
    resolution: {integrity: sha512-dGZkBXaafuKLpDSjKcB0ax0FL36YXCvJNnztjKV+6CO82tTYVDSH2lifitJ29jxRMoUhgkg9a+VA/B03WK5lcg==}
    engines: {node: '>=12'}
    cpu: [x64]
    os: [sunos]
    requiresBuild: true
    dev: true
    optional: true

  /@esbuild/win32-arm64@0.19.5:
    resolution: {integrity: sha512-dWVjD9y03ilhdRQ6Xig1NWNgfLtf2o/STKTS+eZuF90fI2BhbwD6WlaiCGKptlqXlURVB5AUOxUj09LuwKGDTg==}
    engines: {node: '>=12'}
    cpu: [arm64]
    os: [win32]
    requiresBuild: true
    dev: true
    optional: true

  /@esbuild/win32-ia32@0.19.5:
    resolution: {integrity: sha512-4liggWIA4oDgUxqpZwrDhmEfAH4d0iljanDOK7AnVU89T6CzHon/ony8C5LeOdfgx60x5cnQJFZwEydVlYx4iw==}
    engines: {node: '>=12'}
    cpu: [ia32]
    os: [win32]
    requiresBuild: true
    dev: true
    optional: true

  /@esbuild/win32-x64@0.19.5:
    resolution: {integrity: sha512-czTrygUsB/jlM8qEW5MD8bgYU2Xg14lo6kBDXW6HdxKjh8M5PzETGiSHaz9MtbXBYDloHNUAUW2tMiKW4KM9Mw==}
    engines: {node: '>=12'}
    cpu: [x64]
    os: [win32]
    requiresBuild: true
    dev: true
    optional: true

  /@jridgewell/sourcemap-codec@1.4.15:
    resolution: {integrity: sha512-eF2rxCRulEKXHTRiDrDy6erMYWqNw4LPdQ8UQA4huuxaQsVeRPFl2oM8oDGxMFhJUWZf9McpLtJasDDZb/Bpeg==}

  /@juggle/resize-observer@3.4.0:
    resolution: {integrity: sha512-dfLbk+PwWvFzSxwk3n5ySL0hfBog779o8h68wK/7/APo/7cgyWp5jcXockbxdk5kFRkbeXWm4Fbi9FrdN381sA==}
    dev: false

  /@mysten/bcs@0.8.1:
    resolution: {integrity: sha512-wSEdP7QEfGQdb34g+7R0f3OdRqrv88iIABfJVDVJ6IsGLYVILreh8dZfNpZNUUyzctiyhX7zB9e/lR5qkddFPA==}
    dependencies:
      bs58: 5.0.0
    dev: false

  /@mysten/sui.js@0.46.1:
    resolution: {integrity: sha512-YSqay1RJbstJt1AILoAcucWhm72ywB//qQrECl1b3CNiuAHG5iYUxlQk7i0a+2+cBnhlVvkOU4PePBMkABqn3w==}
    engines: {node: '>=16'}
    dependencies:
      '@mysten/bcs': 0.8.1
      '@noble/curves': 1.2.0
      '@noble/hashes': 1.3.2
      '@open-rpc/client-js': 1.8.1
      '@scure/bip32': 1.3.2
      '@scure/bip39': 1.2.1
      '@suchipi/femver': 1.0.0
      events: 3.3.0
      superstruct: 1.0.3
      tweetnacl: 1.0.3
    transitivePeerDependencies:
      - bufferutil
      - encoding
      - utf-8-validate
    dev: false

  /@noble/curves@1.2.0:
    resolution: {integrity: sha512-oYclrNgRaM9SsBUBVbb8M6DTV7ZHRTKugureoYEncY5c65HOmRzvSiTE3y5CYaPYJA/GVkrhXEoF0M3Ya9PMnw==}
    dependencies:
      '@noble/hashes': 1.3.2
    dev: false

  /@noble/hashes@1.3.2:
    resolution: {integrity: sha512-MVC8EAQp7MvEcm30KWENFjgR+Mkmf+D189XJTkFIlwohU5hcBbn1ZkKq7KVTi2Hme3PMGF390DaL52beVrIihQ==}
    engines: {node: '>= 16'}
    dev: false

  /@nodelib/fs.scandir@2.1.5:
    resolution: {integrity: sha512-vq24Bq3ym5HEQm2NKCr3yXDwjc7vTsEThRDnkp2DK9p1uqLR+DHurm/NOTo0KG7HYHU7eppKZj3MyqYuMBf62g==}
    engines: {node: '>= 8'}
    dependencies:
      '@nodelib/fs.stat': 2.0.5
      run-parallel: 1.2.0
    dev: true

  /@nodelib/fs.stat@2.0.5:
    resolution: {integrity: sha512-RkhPPp2zrqDAQA/2jNhnztcPAlv64XdhIp7a7454A5ovI7Bukxgt7MX7udwAu3zg1DcpPU0rz3VV1SeaqvY4+A==}
    engines: {node: '>= 8'}
    dev: true

  /@nodelib/fs.walk@1.2.8:
    resolution: {integrity: sha512-oGB+UxlgWcgQkgwo8GcEGwemoTFt3FIO9ababBmaGwXIoBKZ+GTy0pP185beGg7Llih/NSHSV2XAs1lnznocSg==}
    engines: {node: '>= 8'}
    dependencies:
      '@nodelib/fs.scandir': 2.1.5
      fastq: 1.15.0
    dev: true

  /@open-rpc/client-js@1.8.1:
    resolution: {integrity: sha512-vV+Hetl688nY/oWI9IFY0iKDrWuLdYhf7OIKI6U1DcnJV7r4gAgwRJjEr1QVYszUc0gjkHoQJzqevmXMGLyA0g==}
    dependencies:
      isomorphic-fetch: 3.0.0
      isomorphic-ws: 5.0.0(ws@7.5.9)
      strict-event-emitter-types: 2.0.0
      ws: 7.5.9
    transitivePeerDependencies:
      - bufferutil
      - encoding
      - utf-8-validate
    dev: false

  /@rollup/pluginutils@5.0.5:
    resolution: {integrity: sha512-6aEYR910NyP73oHiJglti74iRyOwgFU4x3meH/H8OJx6Ry0j6cOVZ5X/wTvub7G7Ao6qaHBEaNsV3GLJkSsF+Q==}
    engines: {node: '>=14.0.0'}
    peerDependencies:
      rollup: ^1.20.0||^2.0.0||^3.0.0||^4.0.0
    peerDependenciesMeta:
      rollup:
        optional: true
    dependencies:
      '@types/estree': 1.0.5
      estree-walker: 2.0.2
      picomatch: 2.3.1
    dev: true

  /@rollup/rollup-android-arm-eabi@4.5.0:
    resolution: {integrity: sha512-OINaBGY+Wc++U0rdr7BLuFClxcoWaVW3vQYqmQq6B3bqQ/2olkaoz+K8+af/Mmka/C2yN5j+L9scBkv4BtKsDA==}
    cpu: [arm]
    os: [android]
    requiresBuild: true
    dev: true
    optional: true

  /@rollup/rollup-android-arm64@4.5.0:
    resolution: {integrity: sha512-UdMf1pOQc4ZmUA/NTmKhgJTBimbSKnhPS2zJqucqFyBRFPnPDtwA8MzrGNTjDeQbIAWfpJVAlxejw+/lQyBK/w==}
    cpu: [arm64]
    os: [android]
    requiresBuild: true
    dev: true
    optional: true

  /@rollup/rollup-darwin-arm64@4.5.0:
    resolution: {integrity: sha512-L0/CA5p/idVKI+c9PcAPGorH6CwXn6+J0Ys7Gg1axCbTPgI8MeMlhA6fLM9fK+ssFhqogMHFC8HDvZuetOii7w==}
    cpu: [arm64]
    os: [darwin]
    requiresBuild: true
    dev: true
    optional: true

  /@rollup/rollup-darwin-x64@4.5.0:
    resolution: {integrity: sha512-QZCbVqU26mNlLn8zi/XDDquNmvcr4ON5FYAHQQsyhrHx8q+sQi/6xduoznYXwk/KmKIXG5dLfR0CvY+NAWpFYQ==}
    cpu: [x64]
    os: [darwin]
    requiresBuild: true
    dev: true
    optional: true

  /@rollup/rollup-linux-arm-gnueabihf@4.5.0:
    resolution: {integrity: sha512-VpSQ+xm93AeV33QbYslgf44wc5eJGYfYitlQzAi3OObu9iwrGXEnmu5S3ilkqE3Pr/FkgOiJKV/2p0ewf4Hrtg==}
    cpu: [arm]
    os: [linux]
    requiresBuild: true
    dev: true
    optional: true

  /@rollup/rollup-linux-arm64-gnu@4.5.0:
    resolution: {integrity: sha512-OrEyIfpxSsMal44JpEVx9AEcGpdBQG1ZuWISAanaQTSMeStBW+oHWwOkoqR54bw3x8heP8gBOyoJiGg+fLY8qQ==}
    cpu: [arm64]
    os: [linux]
    libc: [glibc]
    requiresBuild: true
    dev: true
    optional: true

  /@rollup/rollup-linux-arm64-musl@4.5.0:
    resolution: {integrity: sha512-1H7wBbQuE6igQdxMSTjtFfD+DGAudcYWhp106z/9zBA8OQhsJRnemO4XGavdzHpGhRtRxbgmUGdO3YQgrWf2RA==}
    cpu: [arm64]
    os: [linux]
    libc: [musl]
    requiresBuild: true
    dev: true
    optional: true

  /@rollup/rollup-linux-x64-gnu@4.5.0:
    resolution: {integrity: sha512-FVyFI13tXw5aE65sZdBpNjPVIi4Q5mARnL/39UIkxvSgRAIqCo5sCpCELk0JtXHGee2owZz5aNLbWNfBHzr71Q==}
    cpu: [x64]
    os: [linux]
    libc: [glibc]
    requiresBuild: true
    dev: true
    optional: true

  /@rollup/rollup-linux-x64-musl@4.5.0:
    resolution: {integrity: sha512-eBPYl2sLpH/o8qbSz6vPwWlDyThnQjJfcDOGFbNjmjb44XKC1F5dQfakOsADRVrXCNzM6ZsSIPDG5dc6HHLNFg==}
    cpu: [x64]
    os: [linux]
    libc: [musl]
    requiresBuild: true
    dev: true
    optional: true

  /@rollup/rollup-win32-arm64-msvc@4.5.0:
    resolution: {integrity: sha512-xaOHIfLOZypoQ5U2I6rEaugS4IYtTgP030xzvrBf5js7p9WI9wik07iHmsKaej8Z83ZDxN5GyypfoyKV5O5TJA==}
    cpu: [arm64]
    os: [win32]
    requiresBuild: true
    dev: true
    optional: true

  /@rollup/rollup-win32-ia32-msvc@4.5.0:
    resolution: {integrity: sha512-Al6quztQUrHwcOoU2TuFblUQ5L+/AmPBXFR6dUvyo4nRj2yQRK0WIUaGMF/uwKulvRcXkpHe3k9A8Vf93VDktA==}
    cpu: [ia32]
    os: [win32]
    requiresBuild: true
    dev: true
    optional: true

  /@rollup/rollup-win32-x64-msvc@4.5.0:
    resolution: {integrity: sha512-8kdW+brNhI/NzJ4fxDufuJUjepzINqJKLGHuxyAtpPG9bMbn8P5mtaCcbOm0EzLJ+atg+kF9dwg8jpclkVqx5w==}
    cpu: [x64]
    os: [win32]
    requiresBuild: true
    dev: true
    optional: true

  /@scure/base@1.1.3:
    resolution: {integrity: sha512-/+SgoRjLq7Xlf0CWuLHq2LUZeL/w65kfzAPG5NH9pcmBhs+nunQTn4gvdwgMTIXnt9b2C/1SeL2XiysZEyIC9Q==}
    dev: false

  /@scure/bip32@1.3.2:
    resolution: {integrity: sha512-N1ZhksgwD3OBlwTv3R6KFEcPojl/W4ElJOeCZdi+vuI5QmTFwLq3OFf2zd2ROpKvxFdgZ6hUpb0dx9bVNEwYCA==}
    dependencies:
      '@noble/curves': 1.2.0
      '@noble/hashes': 1.3.2
      '@scure/base': 1.1.3
    dev: false

  /@scure/bip39@1.2.1:
    resolution: {integrity: sha512-Z3/Fsz1yr904dduJD0NpiyRHhRYHdcnyh73FZWiV+/qhWi83wNJ3NWolYqCEN+ZWsUz2TWwajJggcRE9r1zUYg==}
    dependencies:
      '@noble/hashes': 1.3.2
      '@scure/base': 1.1.3
    dev: false

  /@suchipi/femver@1.0.0:
    resolution: {integrity: sha512-bprE8+K5V+DPX7q2e2K57ImqNBdfGHDIWaGI5xHxZoxbKOuQZn4wzPiUxOAHnsUr3w3xHrWXwN7gnG/iIuEMIg==}
    dev: false

  /@types/estree@1.0.5:
    resolution: {integrity: sha512-/kYRxGDLWzHOB7q+wtSUQlFrtcdUccpfy+X+9iMBpHK8QLLhx2wIPYuS5DYtR9Wa/YlZAbIovy7qVdB1Aq6Lyw==}
    dev: true

  /@types/katex@0.16.6:
    resolution: {integrity: sha512-rZYO1HInM99rAFYNwGqbYPxHZHxu2IwZYKj4bJ4oh6edVrm1UId8mmbHIZLBtG253qU6y3piag0XYe/joNnwzQ==}
    dev: false

  /@types/lodash-es@4.17.11:
    resolution: {integrity: sha512-eCw8FYAWHt2DDl77s+AMLLzPn310LKohruumpucZI4oOFJkIgnlaJcy23OKMJxx4r9PeTF13Gv6w+jqjWQaYUg==}
    dependencies:
      '@types/lodash': 4.14.201
    dev: false

  /@types/lodash@4.14.201:
    resolution: {integrity: sha512-y9euML0cim1JrykNxADLfaG0FgD1g/yTHwUs/Jg9ZIU7WKj2/4IW9Lbb1WZbvck78W/lfGXFfe+u2EGfIJXdLQ==}
    dev: false

  /@vitejs/plugin-vue@4.5.0(vite@5.0.0)(vue@3.3.8):
    resolution: {integrity: sha512-a2WSpP8X8HTEww/U00bU4mX1QpLINNuz/2KMNpLsdu3BzOpak3AGI1CJYBTXcc4SPhaD0eNRUp7IyQK405L5dQ==}
    engines: {node: ^14.18.0 || >=16.0.0}
    peerDependencies:
      vite: ^4.0.0 || ^5.0.0
      vue: ^3.2.25
    dependencies:
      vite: 5.0.0
      vue: 3.3.8(typescript@5.2.2)
    dev: true

  /@volar/language-core@1.10.10:
    resolution: {integrity: sha512-nsV1o3AZ5n5jaEAObrS3MWLBWaGwUj/vAsc15FVNIv+DbpizQRISg9wzygsHBr56ELRH8r4K75vkYNMtsSNNWw==}
    dependencies:
      '@volar/source-map': 1.10.10
    dev: true

  /@volar/source-map@1.10.10:
    resolution: {integrity: sha512-GVKjLnifV4voJ9F0vhP56p4+F3WGf+gXlRtjFZsv6v3WxBTWU3ZVeaRaEHJmWrcv5LXmoYYpk/SC25BKemPRkg==}
    dependencies:
      muggle-string: 0.3.1
    dev: true

  /@volar/typescript@1.10.10:
    resolution: {integrity: sha512-4a2r5bdUub2m+mYVnLu2wt59fuoYWe7nf0uXtGHU8QQ5LDNfzAR0wK7NgDiQ9rcl2WT3fxT2AA9AylAwFtj50A==}
    dependencies:
      '@volar/language-core': 1.10.10
      path-browserify: 1.0.1
    dev: true

  /@vue/compiler-core@3.3.8:
    resolution: {integrity: sha512-hN/NNBUECw8SusQvDSqqcVv6gWq8L6iAktUR0UF3vGu2OhzRqcOiAno0FmBJWwxhYEXRlQJT5XnoKsVq1WZx4g==}
    dependencies:
      '@babel/parser': 7.23.3
      '@vue/shared': 3.3.8
      estree-walker: 2.0.2
      source-map-js: 1.0.2

  /@vue/compiler-dom@3.3.8:
    resolution: {integrity: sha512-+PPtv+p/nWDd0AvJu3w8HS0RIm/C6VGBIRe24b9hSyNWOAPEUosFZ5diwawwP8ip5sJ8n0Pe87TNNNHnvjs0FQ==}
    dependencies:
      '@vue/compiler-core': 3.3.8
      '@vue/shared': 3.3.8

  /@vue/compiler-sfc@3.3.8:
    resolution: {integrity: sha512-WMzbUrlTjfYF8joyT84HfwwXo+8WPALuPxhy+BZ6R4Aafls+jDBnSz8PDz60uFhuqFbl3HxRfxvDzrUf3THwpA==}
    dependencies:
      '@babel/parser': 7.23.3
      '@vue/compiler-core': 3.3.8
      '@vue/compiler-dom': 3.3.8
      '@vue/compiler-ssr': 3.3.8
      '@vue/reactivity-transform': 3.3.8
      '@vue/shared': 3.3.8
      estree-walker: 2.0.2
      magic-string: 0.30.5
      postcss: 8.4.31
      source-map-js: 1.0.2

  /@vue/compiler-ssr@3.3.8:
    resolution: {integrity: sha512-hXCqQL/15kMVDBuoBYpUnSYT8doDNwsjvm3jTefnXr+ytn294ySnT8NlsFHmTgKNjwpuFy7XVV8yTeLtNl/P6w==}
    dependencies:
      '@vue/compiler-dom': 3.3.8
      '@vue/shared': 3.3.8

  /@vue/language-core@1.8.22(typescript@5.2.2):
    resolution: {integrity: sha512-bsMoJzCrXZqGsxawtUea1cLjUT9dZnDsy5TuZ+l1fxRMzUGQUG9+Ypq4w//CqpWmrx7nIAJpw2JVF/t258miRw==}
    peerDependencies:
      typescript: '*'
    peerDependenciesMeta:
      typescript:
        optional: true
    dependencies:
      '@volar/language-core': 1.10.10
      '@volar/source-map': 1.10.10
      '@vue/compiler-dom': 3.3.8
      '@vue/shared': 3.3.8
      computeds: 0.0.1
      minimatch: 9.0.3
      muggle-string: 0.3.1
      typescript: 5.2.2
      vue-template-compiler: 2.7.15
    dev: true

  /@vue/reactivity-transform@3.3.8:
    resolution: {integrity: sha512-49CvBzmZNtcHua0XJ7GdGifM8GOXoUMOX4dD40Y5DxI3R8OUhMlvf2nvgUAcPxaXiV5MQQ1Nwy09ADpnLQUqRw==}
    dependencies:
      '@babel/parser': 7.23.3
      '@vue/compiler-core': 3.3.8
      '@vue/shared': 3.3.8
      estree-walker: 2.0.2
      magic-string: 0.30.5

  /@vue/reactivity@3.3.8:
    resolution: {integrity: sha512-ctLWitmFBu6mtddPyOKpHg8+5ahouoTCRtmAHZAXmolDtuZXfjL2T3OJ6DL6ezBPQB1SmMnpzjiWjCiMYmpIuw==}
    dependencies:
      '@vue/shared': 3.3.8

  /@vue/runtime-core@3.3.8:
    resolution: {integrity: sha512-qurzOlb6q26KWQ/8IShHkMDOuJkQnQcTIp1sdP4I9MbCf9FJeGVRXJFr2mF+6bXh/3Zjr9TDgURXrsCr9bfjUw==}
    dependencies:
      '@vue/reactivity': 3.3.8
      '@vue/shared': 3.3.8

  /@vue/runtime-dom@3.3.8:
    resolution: {integrity: sha512-Noy5yM5UIf9UeFoowBVgghyGGPIDPy1Qlqt0yVsUdAVbqI8eeMSsTqBtauaEoT2UFXUk5S64aWVNJN4MJ2vRdA==}
    dependencies:
      '@vue/runtime-core': 3.3.8
      '@vue/shared': 3.3.8
      csstype: 3.1.2

  /@vue/server-renderer@3.3.8(vue@3.3.8):
    resolution: {integrity: sha512-zVCUw7RFskvPuNlPn/8xISbrf0zTWsTSdYTsUTN1ERGGZGVnRxM2QZ3x1OR32+vwkkCm0IW6HmJ49IsPm7ilLg==}
    peerDependencies:
      vue: 3.3.8
    dependencies:
      '@vue/compiler-ssr': 3.3.8
      '@vue/shared': 3.3.8
      vue: 3.3.8(typescript@5.2.2)

  /@vue/shared@3.3.8:
    resolution: {integrity: sha512-8PGwybFwM4x8pcfgqEQFy70NaQxASvOC5DJwLQfpArw1UDfUXrJkdxD3BhVTMS+0Lef/TU7YO0Jvr0jJY8T+mw==}

  /acorn@8.11.2:
    resolution: {integrity: sha512-nc0Axzp/0FILLEVsm4fNwLCwMttvhEI263QtVPQcbpfZZ3ts0hLsZGOpE6czNlid7CJ9MlyH8reXkpsf3YUY4w==}
    engines: {node: '>=0.4.0'}
    hasBin: true
    dev: true

  /anymatch@3.1.3:
    resolution: {integrity: sha512-KMReFUr0B4t+D+OBkjR3KYqvocp2XaSzO55UcB6mgQMd3KbcE+mWTyvVV7D/zsdEbNnV6acZUutkiHQXvTr1Rw==}
    engines: {node: '>= 8'}
    dependencies:
      normalize-path: 3.0.0
      picomatch: 2.3.1
    dev: true

  /async-validator@4.2.5:
    resolution: {integrity: sha512-7HhHjtERjqlNbZtqNqy2rckN/SpOOlmDliet+lP7k+eKZEjPk3DgyeU9lIXLdeLz0uBbbVp+9Qdow9wJWgwwfg==}
    dev: false

  /balanced-match@1.0.2:
    resolution: {integrity: sha512-3oSeUO0TMV67hN1AmbXsK4yaqU7tjiHlbxRDZOpH0KW9+CeX4bRAaX0Anxt0tx2MrpRpWwQaPwIlISEJhYU5Pw==}
    dev: true

  /base-x@4.0.0:
    resolution: {integrity: sha512-FuwxlW4H5kh37X/oW59pwTzzTKRzfrrQwhmyspRM7swOEZcHtDZSCt45U6oKgtuFE+WYPblePMVIPR4RZrh/hw==}
    dev: false

  /binary-extensions@2.2.0:
    resolution: {integrity: sha512-jDctJ/IVQbZoJykoeHbhXpOlNBqGNcwXJKJog42E5HDPUwQTSdjCHdihjj0DlnheQ7blbT6dHOafNAiS8ooQKA==}
    engines: {node: '>=8'}
    dev: true

  /brace-expansion@2.0.1:
    resolution: {integrity: sha512-XnAIvQ8eM+kC6aULx6wuQiwVsnzsi9d3WxzV3FpWTGA19F621kwdbsAcFKXgKUHZWsy+mY6iL1sHTxWEFCytDA==}
    dependencies:
      balanced-match: 1.0.2
    dev: true

  /braces@3.0.2:
    resolution: {integrity: sha512-b8um+L1RzM3WDSzvhm6gIz1yfTbBt6YTlcEKAvsmqCZZFw46z626lVj9j1yEPW33H5H+lBQpZMP1k8l+78Ha0A==}
    engines: {node: '>=8'}
    dependencies:
      fill-range: 7.0.1
    dev: true

  /bs58@5.0.0:
    resolution: {integrity: sha512-r+ihvQJvahgYT50JD05dyJNKlmmSlMoOGwn1lCcEzanPglg7TxYjioQUYehQ9mAR/+hOSd2jRc/Z2y5UxBymvQ==}
    dependencies:
      base-x: 4.0.0
    dev: false

  /chokidar@3.5.3:
    resolution: {integrity: sha512-Dr3sfKRP6oTcjf2JmUmFJfeVMvXBdegxB0iVQ5eb2V10uFJUCAS8OByZdVAyVb8xXNz3GjjTgj9kLWsZTqE6kw==}
    engines: {node: '>= 8.10.0'}
    dependencies:
      anymatch: 3.1.3
      braces: 3.0.2
      glob-parent: 5.1.2
      is-binary-path: 2.1.0
      is-glob: 4.0.3
      normalize-path: 3.0.0
      readdirp: 3.6.0
    optionalDependencies:
      fsevents: 2.3.3
    dev: true

  /computeds@0.0.1:
    resolution: {integrity: sha512-7CEBgcMjVmitjYo5q8JTJVra6X5mQ20uTThdK+0kR7UEaDrAWEQcRiBtWJzga4eRpP6afNwwLsX2SET2JhVB1Q==}
    dev: true

  /css-render@0.15.12:
    resolution: {integrity: sha512-eWzS66patiGkTTik+ipO9qNGZ+uNuGyTmnz6/+EJIiFg8+3yZRpnMwgFo8YdXhQRsiePzehnusrxVvugNjXzbw==}
    dependencies:
      '@emotion/hash': 0.8.0
      csstype: 3.0.11
    dev: false

  /csstype@3.0.11:
    resolution: {integrity: sha512-sa6P2wJ+CAbgyy4KFssIb/JNMLxFvKF1pCYCSXS8ZMuqZnMsrxqI2E5sPyoTpxoPU/gVZMzr2zjOfg8GIZOMsw==}
    dev: false

  /csstype@3.1.2:
    resolution: {integrity: sha512-I7K1Uu0MBPzaFKg4nI5Q7Vs2t+3gWWW648spaF+Rg7pI9ds18Ugn+lvg4SHczUdKlHI5LWBXyqfS8+DufyBsgQ==}

  /date-fns-tz@2.0.0(date-fns@2.30.0):
    resolution: {integrity: sha512-OAtcLdB9vxSXTWHdT8b398ARImVwQMyjfYGkKD2zaGpHseG2UPHbHjXELReErZFxWdSLph3c2zOaaTyHfOhERQ==}
    peerDependencies:
      date-fns: '>=2.0.0'
    dependencies:
      date-fns: 2.30.0
    dev: false

  /date-fns@2.30.0:
    resolution: {integrity: sha512-fnULvOpxnC5/Vg3NCiWelDsLiUc9bRwAPs/+LfTLNvetFCtCTN+yQz15C/fs4AwX1R9K5GLtLfn8QW+dWisaAw==}
    engines: {node: '>=0.11'}
    dependencies:
      '@babel/runtime': 7.23.2
    dev: false

  /de-indent@1.0.2:
    resolution: {integrity: sha512-e/1zu3xH5MQryN2zdVaF0OrdNLUbvWxzMbi+iNA6Bky7l1RoP8a2fIbRocyHclXt/arDrrR6lL3TqFD9pMQTsg==}
    dev: true

  /debug@4.3.4:
    resolution: {integrity: sha512-PRWFHuSU3eDtQJPvnNY7Jcket1j0t5OuOsFzPPzsekD52Zl8qUfFIPEiswXqIvHWGVHOgX+7G/vCNNhehwxfkQ==}
    engines: {node: '>=6.0'}
    peerDependencies:
      supports-color: '*'
    peerDependenciesMeta:
      supports-color:
        optional: true
    dependencies:
      ms: 2.1.2
    dev: true

  /esbuild@0.19.5:
    resolution: {integrity: sha512-bUxalY7b1g8vNhQKdB24QDmHeY4V4tw/s6Ak5z+jJX9laP5MoQseTOMemAr0gxssjNcH0MCViG8ONI2kksvfFQ==}
    engines: {node: '>=12'}
    hasBin: true
    requiresBuild: true
    optionalDependencies:
      '@esbuild/android-arm': 0.19.5
      '@esbuild/android-arm64': 0.19.5
      '@esbuild/android-x64': 0.19.5
      '@esbuild/darwin-arm64': 0.19.5
      '@esbuild/darwin-x64': 0.19.5
      '@esbuild/freebsd-arm64': 0.19.5
      '@esbuild/freebsd-x64': 0.19.5
      '@esbuild/linux-arm': 0.19.5
      '@esbuild/linux-arm64': 0.19.5
      '@esbuild/linux-ia32': 0.19.5
      '@esbuild/linux-loong64': 0.19.5
      '@esbuild/linux-mips64el': 0.19.5
      '@esbuild/linux-ppc64': 0.19.5
      '@esbuild/linux-riscv64': 0.19.5
      '@esbuild/linux-s390x': 0.19.5
      '@esbuild/linux-x64': 0.19.5
      '@esbuild/netbsd-x64': 0.19.5
      '@esbuild/openbsd-x64': 0.19.5
      '@esbuild/sunos-x64': 0.19.5
      '@esbuild/win32-arm64': 0.19.5
      '@esbuild/win32-ia32': 0.19.5
      '@esbuild/win32-x64': 0.19.5
    dev: true

  /escape-string-regexp@5.0.0:
    resolution: {integrity: sha512-/veY75JbMK4j1yjvuUxuVsiS/hr/4iHs9FTT6cgTexxdE0Ly/glccBAkloH/DofkjRbZU3bnoj38mOmhkZ0lHw==}
    engines: {node: '>=12'}
    dev: true

  /estree-walker@2.0.2:
    resolution: {integrity: sha512-Rfkk/Mp/DL7JVje3u18FxFujQlTNR2q6QfMSMB7AvCBx91NGj/ba3kCfza0f6dVDbw7YlRf/nDrn7pQrCCyQ/w==}

  /events@3.3.0:
    resolution: {integrity: sha512-mQw+2fkQbALzQ7V0MY0IqdnXNOeTtP4r0lN9z7AAawCXgqea7bDii20AYrIBrFd/Hx0M2Ocz6S111CaFkUcb0Q==}
    engines: {node: '>=0.8.x'}
    dev: false

  /evtd@0.2.4:
    resolution: {integrity: sha512-qaeGN5bx63s/AXgQo8gj6fBkxge+OoLddLniox5qtLAEY5HSnuSlISXVPxnSae1dWblvTh4/HoMIB+mbMsvZzw==}
    dev: false

  /fast-glob@3.3.2:
    resolution: {integrity: sha512-oX2ruAFQwf/Orj8m737Y5adxDQO0LAB7/S5MnxCdTNDd4p6BsyIVsv9JQsATbTSq8KHRpLwIHbVlUNatxd+1Ow==}
    engines: {node: '>=8.6.0'}
    dependencies:
      '@nodelib/fs.stat': 2.0.5
      '@nodelib/fs.walk': 1.2.8
      glob-parent: 5.1.2
      merge2: 1.4.1
      micromatch: 4.0.5
    dev: true

  /fastq@1.15.0:
    resolution: {integrity: sha512-wBrocU2LCXXa+lWBt8RoIRD89Fi8OdABODa/kEnyeyjS5aZO5/GNvI5sEINADqP/h8M29UHTHUb53sUu5Ihqdw==}
    dependencies:
      reusify: 1.0.4
    dev: true

  /fill-range@7.0.1:
    resolution: {integrity: sha512-qOo9F+dMUmC2Lcb4BbVvnKJxTPjCm+RRpe4gDuGrzkL7mEVl/djYSu2OdQ2Pa302N4oqkSg9ir6jaLWJ2USVpQ==}
    engines: {node: '>=8'}
    dependencies:
      to-regex-range: 5.0.1
    dev: true

  /fsevents@2.3.3:
    resolution: {integrity: sha512-5xoDfX+fL7faATnagmWPpbFtwh/R77WmMMqqHGS65C3vvB0YHrgF+B1YmZ3441tMj5n63k0212XNoJwzlhffQw==}
    engines: {node: ^8.16.0 || ^10.6.0 || >=11.0.0}
    os: [darwin]
    requiresBuild: true
    dev: true
    optional: true

  /function-bind@1.1.2:
    resolution: {integrity: sha512-7XHNxH7qX9xG5mIwxkhumTox/MIRNcOgDrxWsMt2pAr23WHp6MrRlN7FBSFpCpr+oVO0F744iUgR82nJMfG2SA==}
    dev: true

  /glob-parent@5.1.2:
    resolution: {integrity: sha512-AOIgSQCepiJYwP3ARnGx+5VnTu2HBYdzbGP45eLw1vr3zB3vZLeyed1sC9hnbcOc9/SrMyM5RPQrkGz4aS9Zow==}
    engines: {node: '>= 6'}
    dependencies:
      is-glob: 4.0.3
    dev: true

  /hasown@2.0.0:
    resolution: {integrity: sha512-vUptKVTpIJhcczKBbgnS+RtcuYMB8+oNzPK2/Hp3hanz8JmpATdmmgLgSaadVREkDm+e2giHwY3ZRkyjSIDDFA==}
    engines: {node: '>= 0.4'}
    dependencies:
      function-bind: 1.1.2
    dev: true

  /he@1.2.0:
    resolution: {integrity: sha512-F/1DnUGPopORZi0ni+CvrCgHQ5FyEAHRLSApuYWMmrbSwoN2Mn/7k+Gl38gJnR7yyDZk6WLXwiGod1JOWNDKGw==}
    hasBin: true
    dev: true

  /highlight.js@11.9.0:
    resolution: {integrity: sha512-fJ7cW7fQGCYAkgv4CPfwFHrfd/cLS4Hau96JuJ+ZTOWhjnhoeN1ub1tFmALm/+lW5z4WCAuAV9bm05AP0mS6Gw==}
    engines: {node: '>=12.0.0'}
    dev: false

  /is-binary-path@2.1.0:
    resolution: {integrity: sha512-ZMERYes6pDydyuGidse7OsHxtbI7WVeUEozgR/g7rd0xUimYNlvZRE/K2MgZTjWy725IfelLeVcEM97mmtRGXw==}
    engines: {node: '>=8'}
    dependencies:
      binary-extensions: 2.2.0
    dev: true

  /is-core-module@2.13.1:
    resolution: {integrity: sha512-hHrIjvZsftOsvKSn2TRYl63zvxsgE0K+0mYMoH6gD4omR5IWB2KynivBQczo3+wF1cCkjzvptnI9Q0sPU66ilw==}
    dependencies:
      hasown: 2.0.0
    dev: true

  /is-extglob@2.1.1:
    resolution: {integrity: sha512-SbKbANkN603Vi4jEZv49LeVJMn4yGwsbzZworEoyEiutsN3nJYdbO36zfhGJ6QEDpOZIFkDtnq5JRxmvl3jsoQ==}
    engines: {node: '>=0.10.0'}
    dev: true

  /is-glob@4.0.3:
    resolution: {integrity: sha512-xelSayHH36ZgE7ZWhli7pW34hNbNl8Ojv5KVmkJD4hBdD3th8Tfk9vYasLM+mXWOZhFkgZfxhLSnrwRr4elSSg==}
    engines: {node: '>=0.10.0'}
    dependencies:
      is-extglob: 2.1.1
    dev: true

  /is-number@7.0.0:
    resolution: {integrity: sha512-41Cifkg6e8TylSpdtTpeLVMqvSBEVzTttHvERD741+pnZ8ANv0004MRL43QKPDlK9cGvNp6NZWZUBlbGXYxxng==}
    engines: {node: '>=0.12.0'}
    dev: true

  /isomorphic-fetch@3.0.0:
    resolution: {integrity: sha512-qvUtwJ3j6qwsF3jLxkZ72qCgjMysPzDfeV240JHiGZsANBYd+EEuu35v7dfrJ9Up0Ak07D7GGSkGhCHTqg/5wA==}
    dependencies:
      node-fetch: 2.7.0
      whatwg-fetch: 3.6.19
    transitivePeerDependencies:
      - encoding
    dev: false

  /isomorphic-ws@5.0.0(ws@7.5.9):
    resolution: {integrity: sha512-muId7Zzn9ywDsyXgTIafTry2sV3nySZeUDe6YedVd1Hvuuep5AsIlqK+XefWpYTyJG5e503F2xIuT2lcU6rCSw==}
    peerDependencies:
      ws: '*'
    dependencies:
      ws: 7.5.9
    dev: false

  /jsonc-parser@3.2.0:
    resolution: {integrity: sha512-gfFQZrcTc8CnKXp6Y4/CBT3fTc0OVuDofpre4aEeEpSBPV5X5v4+Vmx+8snU7RLPrNHPKSgLxGo9YuQzz20o+w==}
    dev: true

  /local-pkg@0.4.3:
    resolution: {integrity: sha512-SFppqq5p42fe2qcZQqqEOiVRXl+WCP1MdT6k7BDEW1j++sp5fIY+/fdRQitvKgB5BrBcmrs5m/L0v2FrU5MY1g==}
    engines: {node: '>=14'}
    dev: true

  /local-pkg@0.5.0:
    resolution: {integrity: sha512-ok6z3qlYyCDS4ZEU27HaU6x/xZa9Whf8jD4ptH5UZTQYZVYeb9bnZ3ojVhiJNLiXK1Hfc0GNbLXcmZ5plLDDBg==}
    engines: {node: '>=14'}
    dependencies:
      mlly: 1.4.2
      pkg-types: 1.0.3
    dev: true

  /lodash-es@4.17.21:
    resolution: {integrity: sha512-mKnC+QJ9pWVzv+C4/U3rRsHapFfHvQFoFB92e52xeyGMcX6/OlIl78je1u8vePzYZSkkogMPJ2yjxxsb89cxyw==}
    dev: false

  /lodash@4.17.21:
    resolution: {integrity: sha512-v2kDEe57lecTulaDIuNTPy3Ry4gLGJ6Z1O3vE1krgXZNrsQ+LFTGHVxVjcXPs17LhbZVGedAJv8XZ1tvj5FvSg==}
    dev: false

  /lru-cache@6.0.0:
    resolution: {integrity: sha512-Jo6dJ04CmSjuznwJSS3pUeWmd/H0ffTlkXXgwZi+eq1UCmqQwCh+eLsYOYCwY991i2Fah4h1BEMCx4qThGbsiA==}
    engines: {node: '>=10'}
    dependencies:
      yallist: 4.0.0
    dev: true

  /magic-string@0.30.5:
    resolution: {integrity: sha512-7xlpfBaQaP/T6Vh8MO/EqXSW5En6INHEvEXQiuff7Gku0PWjU3uf6w/j9o7O+SpB5fOAkrI5HeoNgwjEO0pFsA==}
    engines: {node: '>=12'}
    dependencies:
      '@jridgewell/sourcemap-codec': 1.4.15

  /merge2@1.4.1:
    resolution: {integrity: sha512-8q7VEgMJW4J8tcfVPy8g09NcQwZdbwFEqhe/WZkoIzjn/3TGDwtOCYtXGxA3O8tPzpczCCDgv+P2P5y00ZJOOg==}
    engines: {node: '>= 8'}
    dev: true

  /micromatch@4.0.5:
    resolution: {integrity: sha512-DMy+ERcEW2q8Z2Po+WNXuw3c5YaUSFjAO5GsJqfEl7UjvtIuFKO6ZrKvcItdy98dwFI2N1tg3zNIdKaQT+aNdA==}
    engines: {node: '>=8.6'}
    dependencies:
      braces: 3.0.2
      picomatch: 2.3.1
    dev: true

  /minimatch@9.0.3:
    resolution: {integrity: sha512-RHiac9mvaRw0x3AYRgDC1CxAP7HTcNrrECeA8YYJeWnpo+2Q5CegtZjaotWTWxDG3UeGA1coE05iH1mPjT/2mg==}
    engines: {node: '>=16 || 14 >=14.17'}
    dependencies:
      brace-expansion: 2.0.1
    dev: true

  /mlly@1.4.2:
    resolution: {integrity: sha512-i/Ykufi2t1EZ6NaPLdfnZk2AX8cs0d+mTzVKuPfqPKPatxLApaBoxJQ9x1/uckXtrS/U5oisPMDkNs0yQTaBRg==}
    dependencies:
      acorn: 8.11.2
      pathe: 1.1.1
      pkg-types: 1.0.3
      ufo: 1.3.2
    dev: true

  /ms@2.1.2:
    resolution: {integrity: sha512-sGkPx+VjMtmA6MX27oA4FBFELFCZZ4S4XqeGOXCv68tT+jb3vk/RyaKWP0PTKyWtmLSM0b+adUTEvbs1PEaH2w==}
    dev: true

  /muggle-string@0.3.1:
    resolution: {integrity: sha512-ckmWDJjphvd/FvZawgygcUeQCxzvohjFO5RxTjj4eq8kw359gFF3E1brjfI+viLMxss5JrHTDRHZvu2/tuy0Qg==}
    dev: true

  /naive-ui@2.35.0(vue@3.3.8):
    resolution: {integrity: sha512-PdnLpOip1LQaKs5+rXLZoPDPQkTq26TnHWeABvUA2eOQjtHxE4+TQvj0Jq/W8clM2On/7jptoGmenLt48G3Bhg==}
    peerDependencies:
      vue: ^3.0.0
    dependencies:
      '@css-render/plugin-bem': 0.15.12(css-render@0.15.12)
      '@css-render/vue3-ssr': 0.15.12(vue@3.3.8)
      '@types/katex': 0.16.6
      '@types/lodash': 4.14.201
      '@types/lodash-es': 4.17.11
      async-validator: 4.2.5
      css-render: 0.15.12
      date-fns: 2.30.0
      date-fns-tz: 2.0.0(date-fns@2.30.0)
      evtd: 0.2.4
      highlight.js: 11.9.0
      lodash: 4.17.21
      lodash-es: 4.17.21
      seemly: 0.3.6
      treemate: 0.3.11
      vdirs: 0.1.8(vue@3.3.8)
      vooks: 0.2.12(vue@3.3.8)
      vue: 3.3.8(typescript@5.2.2)
      vueuc: 0.4.51(vue@3.3.8)
    dev: false

  /nanoid@3.3.7:
    resolution: {integrity: sha512-eSRppjcPIatRIMC1U6UngP8XFcz8MQWGQdt1MTBQ7NaAmvXDfvNxbvWV3x2y6CdEUciCSsDHDQZbhYaB8QEo2g==}
    engines: {node: ^10 || ^12 || ^13.7 || ^14 || >=15.0.1}
    hasBin: true

  /node-fetch@2.7.0:
    resolution: {integrity: sha512-c4FRfUm/dbcWZ7U+1Wq0AwCyFL+3nt2bEw05wfxSz+DWpWsitgmSgYmy2dQdWyKC1694ELPqMs/YzUSNozLt8A==}
    engines: {node: 4.x || >=6.0.0}
    peerDependencies:
      encoding: ^0.1.0
    peerDependenciesMeta:
      encoding:
        optional: true
    dependencies:
      whatwg-url: 5.0.0
    dev: false

  /normalize-path@3.0.0:
    resolution: {integrity: sha512-6eZs5Ls3WtCisHWp9S2GUy8dqkpGi4BVSz3GaqiE6ezub0512ESztXUwUB6C6IKbQkY2Pnb/mD4WYojCRwcwLA==}
    engines: {node: '>=0.10.0'}
    dev: true

  /path-browserify@1.0.1:
    resolution: {integrity: sha512-b7uo2UCUOYZcnF/3ID0lulOJi/bafxa1xPe7ZPsammBSpjSWQkjNxlt635YGS2MiR9GjvuXCtz2emr3jbsz98g==}
    dev: true

  /path-parse@1.0.7:
    resolution: {integrity: sha512-LDJzPVEEEPR+y48z93A0Ed0yXb8pAByGWo/k5YYdYgpY2/2EsOsksJrq7lOHxryrVOn1ejG6oAp8ahvOIQD8sw==}
    dev: true

  /pathe@1.1.1:
    resolution: {integrity: sha512-d+RQGp0MAYTIaDBIMmOfMwz3E+LOZnxx1HZd5R18mmCZY0QBlK0LDZfPc8FW8Ed2DlvsuE6PRjroDY+wg4+j/Q==}
    dev: true

  /picocolors@1.0.0:
    resolution: {integrity: sha512-1fygroTLlHu66zi26VoTDv8yRgm0Fccecssto+MhsZ0D/DGW2sm8E8AjW7NU5VVTRt5GxbeZ5qBuJr+HyLYkjQ==}

  /picomatch@2.3.1:
    resolution: {integrity: sha512-JU3teHTNjmE2VCGFzuY8EXzCDVwEqB2a8fsIvwaStHhAWJEeVd1o1QD80CU6+ZdEXXSLbSsuLwJjkCBWqRQUVA==}
    engines: {node: '>=8.6'}
    dev: true

  /pkg-types@1.0.3:
    resolution: {integrity: sha512-nN7pYi0AQqJnoLPC9eHFQ8AcyaixBUOwvqc5TDnIKCMEE6I0y8P7OKA7fPexsXGCGxQDl/cmrLAp26LhcwxZ4A==}
    dependencies:
      jsonc-parser: 3.2.0
      mlly: 1.4.2
      pathe: 1.1.1
    dev: true

  /postcss@8.4.31:
    resolution: {integrity: sha512-PS08Iboia9mts/2ygV3eLpY5ghnUcfLV/EXTOW1E2qYxJKGGBUtNjN76FYHnMs36RmARn41bC0AZmn+rR0OVpQ==}
    engines: {node: ^10 || ^12 || >=14}
    dependencies:
      nanoid: 3.3.7
      picocolors: 1.0.0
      source-map-js: 1.0.2

  /queue-microtask@1.2.3:
    resolution: {integrity: sha512-NuaNSa6flKT5JaSYQzJok04JzTL1CA6aGhv5rfLW3PgqA+M2ChpZQnAC8h8i4ZFkBS8X5RqkDBHA7r4hej3K9A==}
    dev: true

  /readdirp@3.6.0:
    resolution: {integrity: sha512-hOS089on8RduqdbhvQ5Z37A0ESjsqz6qnRcffsMU3495FuTdqSm+7bhJ29JvIOsBDEEnan5DPu9t3To9VRlMzA==}
    engines: {node: '>=8.10.0'}
    dependencies:
      picomatch: 2.3.1
    dev: true

  /regenerator-runtime@0.14.0:
    resolution: {integrity: sha512-srw17NI0TUWHuGa5CFGGmhfNIeja30WMBfbslPNhf6JrqQlLN5gcrvig1oqPxiVaXb0oW0XRKtH6Nngs5lKCIA==}
    dev: false

  /resolve@1.22.8:
    resolution: {integrity: sha512-oKWePCxqpd6FlLvGV1VU0x7bkPmmCNolxzjMf4NczoDnQcIWrAF+cPtZn5i6n+RfD2d9i0tzpKnG6Yk168yIyw==}
    hasBin: true
    dependencies:
      is-core-module: 2.13.1
      path-parse: 1.0.7
      supports-preserve-symlinks-flag: 1.0.0
    dev: true

  /reusify@1.0.4:
    resolution: {integrity: sha512-U9nH88a3fc/ekCF1l0/UP1IosiuIjyTh7hBvXVMHYgVcfGvt897Xguj2UOLDeI5BG2m7/uwyaLVT6fbtCwTyzw==}
    engines: {iojs: '>=1.0.0', node: '>=0.10.0'}
    dev: true

  /rollup@4.5.0:
    resolution: {integrity: sha512-41xsWhzxqjMDASCxH5ibw1mXk+3c4TNI2UjKbLxe6iEzrSQnqOzmmK8/3mufCPbzHNJ2e04Fc1ddI35hHy+8zg==}
    engines: {node: '>=18.0.0', npm: '>=8.0.0'}
    hasBin: true
    optionalDependencies:
      '@rollup/rollup-android-arm-eabi': 4.5.0
      '@rollup/rollup-android-arm64': 4.5.0
      '@rollup/rollup-darwin-arm64': 4.5.0
      '@rollup/rollup-darwin-x64': 4.5.0
      '@rollup/rollup-linux-arm-gnueabihf': 4.5.0
      '@rollup/rollup-linux-arm64-gnu': 4.5.0
      '@rollup/rollup-linux-arm64-musl': 4.5.0
      '@rollup/rollup-linux-x64-gnu': 4.5.0
      '@rollup/rollup-linux-x64-musl': 4.5.0
      '@rollup/rollup-win32-arm64-msvc': 4.5.0
      '@rollup/rollup-win32-ia32-msvc': 4.5.0
      '@rollup/rollup-win32-x64-msvc': 4.5.0
      fsevents: 2.3.3
    dev: true

  /run-parallel@1.2.0:
    resolution: {integrity: sha512-5l4VyZR86LZ/lDxZTR6jqL8AFE2S0IFLMP26AbjsLVADxHdhB/c0GUsH+y39UfCi3dzz8OlQuPmnaJOMoDHQBA==}
    dependencies:
      queue-microtask: 1.2.3
    dev: true

  /scule@1.1.0:
    resolution: {integrity: sha512-vRUjqhyM/YWYzT+jsMk6tnl3NkY4A4soJ8uyh3O6Um+JXEQL9ozUCe7pqrxn3CSKokw0hw3nFStfskzpgYwR0g==}
    dev: true

  /seemly@0.3.6:
    resolution: {integrity: sha512-lEV5VB8BUKTo/AfktXJcy+JeXns26ylbMkIUco8CYREsQijuz4mrXres2Q+vMLdwkuLxJdIPQ8IlCIxLYm71Yw==}
    dev: false

  /semver@7.5.4:
    resolution: {integrity: sha512-1bCSESV6Pv+i21Hvpxp3Dx+pSD8lIPt8uVjRrxAUt/nbswYc+tK6Y2btiULjd4+fnq15PX+nqQDC7Oft7WkwcA==}
    engines: {node: '>=10'}
    hasBin: true
    dependencies:
      lru-cache: 6.0.0
    dev: true

  /source-map-js@1.0.2:
    resolution: {integrity: sha512-R0XvVJ9WusLiqTCEiGCmICCMplcCkIwwR11mOSD9CR5u+IXYdiseeEuXCVAjS54zqwkLcPNnmU4OeJ6tUrWhDw==}
    engines: {node: '>=0.10.0'}

  /strict-event-emitter-types@2.0.0:
    resolution: {integrity: sha512-Nk/brWYpD85WlOgzw5h173aci0Teyv8YdIAEtV+N88nDB0dLlazZyJMIsN6eo1/AR61l+p6CJTG1JIyFaoNEEA==}
    dev: false

  /strip-literal@1.3.0:
    resolution: {integrity: sha512-PugKzOsyXpArk0yWmUwqOZecSO0GH0bPoctLcqNDH9J04pVW3lflYE0ujElBGTloevcxF5MofAOZ7C5l2b+wLg==}
    dependencies:
      acorn: 8.11.2
    dev: true

  /superstruct@1.0.3:
    resolution: {integrity: sha512-8iTn3oSS8nRGn+C2pgXSKPI3jmpm6FExNazNpjvqS6ZUJQCej3PUXEKM8NjHBOs54ExM+LPW/FBRhymrdcCiSg==}
    engines: {node: '>=14.0.0'}
    dev: false

  /supports-preserve-symlinks-flag@1.0.0:
    resolution: {integrity: sha512-ot0WnXS9fgdkgIcePe6RHNk1WA8+muPa6cSjeR3V8K27q9BB1rTE3R1p7Hv0z1ZyAc8s6Vvv8DIyWf681MAt0w==}
    engines: {node: '>= 0.4'}
    dev: true

  /to-fast-properties@2.0.0:
    resolution: {integrity: sha512-/OaKK0xYrs3DmxRYqL/yDc+FxFUVYhDlXMhRmv3z915w2HF1tnN1omB354j8VUGO/hbRzyD6Y3sA7v7GS/ceog==}
    engines: {node: '>=4'}

  /to-regex-range@5.0.1:
    resolution: {integrity: sha512-65P7iz6X5yEr1cwcgvQxbbIw7Uk3gOy5dIdtZ4rDveLqhrdJP+Li/Hx6tyK0NEb+2GCyneCMJiGqrADCSNk8sQ==}
    engines: {node: '>=8.0'}
    dependencies:
      is-number: 7.0.0
    dev: true

  /tr46@0.0.3:
    resolution: {integrity: sha512-N3WMsuqV66lT30CrXNbEjx4GEwlow3v6rr4mCcv6prnfwhS01rkgyFdjPNBYd9br7LpXV1+Emh01fHnq2Gdgrw==}
    dev: false

  /treemate@0.3.11:
    resolution: {integrity: sha512-M8RGFoKtZ8dF+iwJfAJTOH/SM4KluKOKRJpjCMhI8bG3qB74zrFoArKZ62ll0Fr3mqkMJiQOmWYkdYgDeITYQg==}
    dev: false

  /tweetnacl@1.0.3:
    resolution: {integrity: sha512-6rt+RN7aOi1nGMyC4Xa5DdYiukl2UWCbcJft7YhxReBGQD7OAM8Pbxw6YMo4r2diNEA8FEmu32YOn9rhaiE5yw==}
    dev: false

  /typescript@5.2.2:
    resolution: {integrity: sha512-mI4WrpHsbCIcwT9cF4FZvr80QUeKvsUsUvKDoR+X/7XHQH98xYD8YHZg7ANtz2GtZt/CBq2QJ0thkGJMHfqc1w==}
    engines: {node: '>=14.17'}
    hasBin: true

  /ufo@1.3.2:
    resolution: {integrity: sha512-o+ORpgGwaYQXgqGDwd+hkS4PuZ3QnmqMMxRuajK/a38L6fTpcE5GPIfrf+L/KemFzfUpeUQc1rRS1iDBozvnFA==}
    dev: true

  /unimport@3.5.0:
    resolution: {integrity: sha512-0Ei1iTeSYxs7oxxUf79/KaBc2dPjZxe7qdVpw7yIz5YcdTZjmBYO6ToLDW+fX9QOHiueZ3xtwb5Z/wqaSfXx6A==}
    dependencies:
      '@rollup/pluginutils': 5.0.5
      escape-string-regexp: 5.0.0
      fast-glob: 3.3.2
      local-pkg: 0.5.0
      magic-string: 0.30.5
      mlly: 1.4.2
      pathe: 1.1.1
      pkg-types: 1.0.3
      scule: 1.1.0
      strip-literal: 1.3.0
      unplugin: 1.5.1
    transitivePeerDependencies:
      - rollup
    dev: true

  /unplugin-auto-import@0.16.7:
    resolution: {integrity: sha512-w7XmnRlchq6YUFJVFGSvG1T/6j8GrdYN6Em9Wf0Ye+HXgD/22kont+WnuCAA0UaUoxtuvRR1u/mXKy63g/hfqQ==}
    engines: {node: '>=14'}
    peerDependencies:
      '@nuxt/kit': ^3.2.2
      '@vueuse/core': '*'
    peerDependenciesMeta:
      '@nuxt/kit':
        optional: true
      '@vueuse/core':
        optional: true
    dependencies:
      '@antfu/utils': 0.7.6
      '@rollup/pluginutils': 5.0.5
      fast-glob: 3.3.2
      local-pkg: 0.5.0
      magic-string: 0.30.5
      minimatch: 9.0.3
      unimport: 3.5.0
      unplugin: 1.5.1
    transitivePeerDependencies:
      - rollup
    dev: true

  /unplugin-vue-components@0.25.2(vue@3.3.8):
    resolution: {integrity: sha512-OVmLFqILH6w+eM8fyt/d/eoJT9A6WO51NZLf1vC5c1FZ4rmq2bbGxTy8WP2Jm7xwFdukaIdv819+UI7RClPyCA==}
    engines: {node: '>=14'}
    peerDependencies:
      '@babel/parser': ^7.15.8
      '@nuxt/kit': ^3.2.2
      vue: 2 || 3
    peerDependenciesMeta:
      '@babel/parser':
        optional: true
      '@nuxt/kit':
        optional: true
    dependencies:
      '@antfu/utils': 0.7.6
      '@rollup/pluginutils': 5.0.5
      chokidar: 3.5.3
      debug: 4.3.4
      fast-glob: 3.3.2
      local-pkg: 0.4.3
      magic-string: 0.30.5
      minimatch: 9.0.3
      resolve: 1.22.8
      unplugin: 1.5.1
      vue: 3.3.8(typescript@5.2.2)
    transitivePeerDependencies:
      - rollup
      - supports-color
    dev: true

  /unplugin@1.5.1:
    resolution: {integrity: sha512-0QkvG13z6RD+1L1FoibQqnvTwVBXvS4XSPwAyinVgoOCl2jAgwzdUKmEj05o4Lt8xwQI85Hb6mSyYkcAGwZPew==}
    dependencies:
      acorn: 8.11.2
      chokidar: 3.5.3
      webpack-sources: 3.2.3
      webpack-virtual-modules: 0.6.0
    dev: true

  /vdirs@0.1.8(vue@3.3.8):
    resolution: {integrity: sha512-H9V1zGRLQZg9b+GdMk8MXDN2Lva0zx72MPahDKc30v+DtwKjfyOSXWRIX4t2mhDubM1H09gPhWeth/BJWPHGUw==}
    peerDependencies:
      vue: ^3.0.11
    dependencies:
      evtd: 0.2.4
      vue: 3.3.8(typescript@5.2.2)
    dev: false

  /vfonts@0.0.3:
    resolution: {integrity: sha512-nguyw8L6Un8eelg1vQ31vIU2ESxqid7EYmy8V+MDeMaHBqaRSkg3dTBToC1PR00D89UzS/SLkfYPnx0Wf23IQQ==}
    dev: false

  /vite@5.0.0:
    resolution: {integrity: sha512-ESJVM59mdyGpsiNAeHQOR/0fqNoOyWPYesFto8FFZugfmhdHx8Fzd8sF3Q/xkVhZsyOxHfdM7ieiVAorI9RjFw==}
    engines: {node: ^18.0.0 || >=20.0.0}
    hasBin: true
    peerDependencies:
      '@types/node': ^18.0.0 || >=20.0.0
      less: '*'
      lightningcss: ^1.21.0
      sass: '*'
      stylus: '*'
      sugarss: '*'
      terser: ^5.4.0
    peerDependenciesMeta:
      '@types/node':
        optional: true
      less:
        optional: true
      lightningcss:
        optional: true
      sass:
        optional: true
      stylus:
        optional: true
      sugarss:
        optional: true
      terser:
        optional: true
    dependencies:
      esbuild: 0.19.5
      postcss: 8.4.31
      rollup: 4.5.0
    optionalDependencies:
      fsevents: 2.3.3
    dev: true

  /vooks@0.2.12(vue@3.3.8):
    resolution: {integrity: sha512-iox0I3RZzxtKlcgYaStQYKEzWWGAduMmq+jS7OrNdQo1FgGfPMubGL3uGHOU9n97NIvfFDBGnpSvkWyb/NSn/Q==}
    peerDependencies:
      vue: ^3.0.0
    dependencies:
      evtd: 0.2.4
      vue: 3.3.8(typescript@5.2.2)
    dev: false

  /vue-template-compiler@2.7.15:
    resolution: {integrity: sha512-yQxjxMptBL7UAog00O8sANud99C6wJF+7kgbcwqkvA38vCGF7HWE66w0ZFnS/kX5gSoJr/PQ4/oS3Ne2pW37Og==}
    dependencies:
      de-indent: 1.0.2
      he: 1.2.0
    dev: true

  /vue-tsc@1.8.22(typescript@5.2.2):
    resolution: {integrity: sha512-j9P4kHtW6eEE08aS5McFZE/ivmipXy0JzrnTgbomfABMaVKx37kNBw//irL3+LlE3kOo63XpnRigyPC3w7+z+A==}
    hasBin: true
    peerDependencies:
      typescript: '*'
    dependencies:
      '@volar/typescript': 1.10.10
      '@vue/language-core': 1.8.22(typescript@5.2.2)
      semver: 7.5.4
      typescript: 5.2.2
    dev: true

  /vue@3.3.8(typescript@5.2.2):
    resolution: {integrity: sha512-5VSX/3DabBikOXMsxzlW8JyfeLKlG9mzqnWgLQLty88vdZL7ZJgrdgBOmrArwxiLtmS+lNNpPcBYqrhE6TQW5w==}
    peerDependencies:
      typescript: '*'
    peerDependenciesMeta:
      typescript:
        optional: true
    dependencies:
      '@vue/compiler-dom': 3.3.8
      '@vue/compiler-sfc': 3.3.8
      '@vue/runtime-dom': 3.3.8
      '@vue/server-renderer': 3.3.8(vue@3.3.8)
      '@vue/shared': 3.3.8
      typescript: 5.2.2

  /vueuc@0.4.51(vue@3.3.8):
    resolution: {integrity: sha512-pLiMChM4f+W8czlIClGvGBYo656lc2Y0/mXFSCydcSmnCR1izlKPGMgiYBGjbY9FDkFG8a2HEVz7t0DNzBWbDw==}
    peerDependencies:
      vue: ^3.0.11
    dependencies:
      '@css-render/vue3-ssr': 0.15.12(vue@3.3.8)
      '@juggle/resize-observer': 3.4.0
      css-render: 0.15.12
      evtd: 0.2.4
      seemly: 0.3.6
      vdirs: 0.1.8(vue@3.3.8)
      vooks: 0.2.12(vue@3.3.8)
      vue: 3.3.8(typescript@5.2.2)
    dev: false

  /webidl-conversions@3.0.1:
    resolution: {integrity: sha512-2JAn3z8AR6rjK8Sm8orRC0h/bcl/DqL7tRPdGZ4I1CjdF+EaMLmYxBHyXuKL849eucPFhvBoxMsflfOb8kxaeQ==}
    dev: false

  /webpack-sources@3.2.3:
    resolution: {integrity: sha512-/DyMEOrDgLKKIG0fmvtz+4dUX/3Ghozwgm6iPp8KRhvn+eQf9+Q7GWxVNMk3+uCPWfdXYC4ExGBckIXdFEfH1w==}
    engines: {node: '>=10.13.0'}
    dev: true

  /webpack-virtual-modules@0.6.0:
    resolution: {integrity: sha512-KnaMTE6EItz/f2q4Gwg5/rmeKVi79OR58NoYnwDJqCk9ywMtTGbBnBcfoBtN4QbYu0lWXvyMoH2Owxuhe4qI6Q==}
    dev: true

  /whatwg-fetch@3.6.19:
    resolution: {integrity: sha512-d67JP4dHSbm2TrpFj8AbO8DnL1JXL5J9u0Kq2xW6d0TFDbCA3Muhdt8orXC22utleTVj7Prqt82baN6RBvnEgw==}
    dev: false

  /whatwg-url@5.0.0:
    resolution: {integrity: sha512-saE57nupxk6v3HY35+jzBwYa0rKSy0XR8JSxZPwgLr7ys0IBzhGviA1/TUGJLmSVqs8pb9AnvICXEuOHLprYTw==}
    dependencies:
      tr46: 0.0.3
      webidl-conversions: 3.0.1
    dev: false

  /ws@7.5.9:
    resolution: {integrity: sha512-F+P9Jil7UiSKSkppIiD94dN07AwvFixvLIj1Og1Rl9GGMuNipJnV9JzjD6XuqmAeiswGvUmNLjr5cFuXwNS77Q==}
    engines: {node: '>=8.3.0'}
    peerDependencies:
      bufferutil: ^4.0.1
      utf-8-validate: ^5.0.2
    peerDependenciesMeta:
      bufferutil:
        optional: true
      utf-8-validate:
        optional: true
    dev: false

  /yallist@4.0.0:
    resolution: {integrity: sha512-3wdGidZyq5PB084XLES5TpOSRA3wjXAlIWMhum2kRcv/41Sn2emQ0dycQW4uZXLejwKvg6EsvbdlVL+FYEct7A==}
    dev: true
